# This file is automatically @generated by Cargo.
# It is not intended for manual editing.
version = 4

[[package]]
name = "bitclaw-bitclaw-common"
version = "0.1.0"

[[package]]
name = "bitclaw-bitclaw-observer"
version = "0.1.0"

[[package]]
name = "bitclaw-bitclaw-orchestration"
version = "0.1.0"

[[package]]
name = "bitclaw-bitclaw-router"
version = "0.1.0"

[[package]]
name = "bitclaw-bitclaw-server"
version = "0.1.0"

[[package]]
name = "bitclaw-bitclaw-storage"
version = "0.1.0"
